
Microsoft Visual Studio Solution File, Format Version 10.00
# Visual Studio 2008
Project("{8BC9CEB8-8B4A-11D0-8D11-00A0C91BC942}") = "Liquidus", "Liquidus.vcproj", "{968D95E7-FC6E-48C7-8D1F-630C2291D90C}"
EndProject
Global
	GlobalSection(SolutionConfigurationPlatforms) = preSolution
		Debug|Win32 = Debug|Win32
		Release|Win32 = Release|Win32
	EndGlobalSection
	GlobalSection(ProjectConfigurationPlatforms) = postSolution
		{968D95E7-FC6E-48C7-8D1F-630C2291D90C}.Debug|Win32.ActiveCfg = Debug|Win32
		{968D95E7-FC6E-48C7-8D1F-630C2291D90C}.Debug|Win32.Build.0 = Debug|Win32
		{968D95E7-FC6E-48C7-8D1F-630C2291D90C}.Release|Win32.ActiveCfg = Release|Win32
		{968D95E7-FC6E-48C7-8D1F-630C2291D90C}.Release|Win32.Build.0 = Release|Win32
	EndGlobalSection
	GlobalSection(SolutionProperties) = preSolution
		HideSolutionNode = FALSE
	EndGlobalSection
EndGlobal
